
Microsoft Visual Studio Solution File, Format Version 12.00
# Visual Studio Version 16
VisualStudioVersion = 16.0.33927.289
MinimumVisualStudioVersion = 10.0.40219.1
Project("{2150E333-8FDC-42A3-9474-1A3956D46DE8}") = "Task0", "Task0", "{1F45A324-C0C1-466B-BE59-2CFFB4644DB0}"
EndProject
Project("{FAE04EC0-301F-11D3-BF4B-00C04F79EFBC}") = "Tyuiu.IlyinME.Sprint0.Task0.V0", "Tyuiu.IlyinME.Sprint0.Task0.V0\Tyuiu.IlyinME.Sprint0.Task0.V0.csproj", "{7CB80BE1-00E1-4D22-BEB3-4C9C47212015}"
EndProject
Project("{2150E333-8FDC-42A3-9474-1A3956D46DE8}") = "Task1", "Task1", "{E7C499A1-46EC-4F00-9DB1-9D24FAD2A633}"
EndProject
Project("{FAE04EC0-301F-11D3-BF4B-00C04F79EFBC}") = "Tyuiu.IlyinME.Sprint0.Task1.V0", "Tyuiu.IlyinME.Sprint0.Task1.V0\Tyuiu.IlyinME.Sprint0.Task1.V0.csproj", "{218D6A41-1C14-45F4-9EB5-0909C79BDBA3}"
EndProject
Project("{2150E333-8FDC-42A3-9474-1A3956D46DE8}") = "Task2", "Task2", "{2117F0FC-B479-447B-8F99-9471F3F23A32}"
EndProject
Project("{FAE04EC0-301F-11D3-BF4B-00C04F79EFBC}") = "Tyuiu.IlyinME.Sprint0.Task2.V0", "Tyuiu.IlyinME.Sprint0.Task2.V0\Tyuiu.IlyinME.Sprint0.Task2.V0.csproj", "{9BC1E547-73FE-4B91-AC6F-E9B1445EED34}"
EndProject
Project("{FAE04EC0-301F-11D3-BF4B-00C04F79EFBC}") = "Tyuiu.IlyinME.Sprint0.Task2.V0.Lib", "Tyuiu.IlyinME.Sprint0.Task2.V0.Lib\Tyuiu.IlyinME.Sprint0.Task2.V0.Lib.csproj", "{1CF8D73E-4BEC-4ECE-9B4E-03C26B79B692}"
EndProject
Project("{FAE04EC0-301F-11D3-BF4B-00C04F79EFBC}") = "Tyuiu.IlyinME.Sprint0.Task2.V0.Test", "Tyuiu.IlyinME.Sprint0.Task2.V0.Test\Tyuiu.IlyinME.Sprint0.Task2.V0.Test.csproj", "{E09E5219-A06C-4A54-AA11-AF6052EE8232}"
EndProject
Project("{2150E333-8FDC-42A3-9474-1A3956D46DE8}") = "Task3", "Task3", "{A7EF9329-1E2D-4C67-B82B-C7924E987450}"
EndProject
Project("{FAE04EC0-301F-11D3-BF4B-00C04F79EFBC}") = "Tyuiu.IlyinME.Sprint0.Task3.V0", "Tyuiu.IlyinME.Sprint0.Task3.V0\Tyuiu.IlyinME.Sprint0.Task3.V0.csproj", "{C65F6A27-01E4-4AC2-83D2-33DA94DAFD9A}"
EndProject
Project("{FAE04EC0-301F-11D3-BF4B-00C04F79EFBC}") = "Tyuiu.IlyinME.Sprint0.Task3.V0.Lib", "Tyuiu.IlyinME.Sprint0.Task3.V0.Lib\Tyuiu.IlyinME.Sprint0.Task3.V0.Lib.csproj", "{A0EB3354-74C8-4CFA-B624-3D92B5BB2416}"
EndProject
Project("{FAE04EC0-301F-11D3-BF4B-00C04F79EFBC}") = "Tyuiu.IlyinME.Sprint0.Task3.V0.Test", "Tyuiu.IlyinME.Sprint0.Task3.V0.Test\Tyuiu.IlyinME.Sprint0.Task3.V0.Test.csproj", "{AFB86437-4902-4EEB-8516-06688442A090}"
EndProject
Project("{2150E333-8FDC-42A3-9474-1A3956D46DE8}") = "Task4", "Task4", "{147373E4-6EBE-46B7-BFEE-011CADA32731}"
EndProject
Project("{FAE04EC0-301F-11D3-BF4B-00C04F79EFBC}") = "Tyuiu.IlyinME.Sprint0.Task4.V0", "Tyuiu.IlyinME.Sprint0.Task4.V0\Tyuiu.IlyinME.Sprint0.Task4.V0.csproj", "{0E51524E-E44C-40C5-87FB-F0FBB3F42F55}"
EndProject
Project("{FAE04EC0-301F-11D3-BF4B-00C04F79EFBC}") = "Tyuiu.IlyinME.Sprint0.Task4.V0.Lib", "Tyuiu.IlyinME.Sprint0.Task4.V0.Lib\Tyuiu.IlyinME.Sprint0.Task4.V0.Lib.csproj", "{58D41FDA-8F79-427F-BC91-FDF3DA0D4018}"
EndProject
Project("{FAE04EC0-301F-11D3-BF4B-00C04F79EFBC}") = "Tyuiu.IlyinME.Sprint0.Task4.V0.Test", "Tyuiu.IlyinME.Sprint0.Task4.V0.Test\Tyuiu.IlyinME.Sprint0.Task4.V0.Test.csproj", "{4447CB38-A425-40E9-A1CF-D1D40663C0DC}"
EndProject
Project("{2150E333-8FDC-42A3-9474-1A3956D46DE8}") = "Task5", "Task5", "{059CB38D-86E4-4309-A61E-23F77BC11F3C}"
EndProject
Project("{FAE04EC0-301F-11D3-BF4B-00C04F79EFBC}") = "Tyuiu.IlyinME.Sprint0.Task5.V0", "Tyuiu.IlyinME.Sprint0.Task5.V0\Tyuiu.IlyinME.Sprint0.Task5.V0.csproj", "{0DD8018F-6BF2-4662-A0D3-4086A40A012F}"
EndProject
Project("{FAE04EC0-301F-11D3-BF4B-00C04F79EFBC}") = "Tyuiu.IlyinME.Sprint0.Task5.V0.Lib", "Tyuiu.IlyinME.Sprint0.Task5.V0.Lib\Tyuiu.IlyinME.Sprint0.Task5.V0.Lib.csproj", "{0DD677F7-B1BE-4D14-B3E3-B9529DA7F412}"
EndProject
Project("{FAE04EC0-301F-11D3-BF4B-00C04F79EFBC}") = "Tyuiu.IlyinME.Sprint0.Task5.V0.Test", "Tyuiu.IlyinME.Sprint0.Task5.V0.Test\Tyuiu.IlyinME.Sprint0.Task5.V0.Test.csproj", "{9B0E45CA-BD00-4D87-992A-26364F40DD49}"
EndProject
Project("{2150E333-8FDC-42A3-9474-1A3956D46DE8}") = "Task6", "Task6", "{87889FC4-0678-4B51-95C7-2EED5D5E38B9}"
EndProject
Project("{FAE04EC0-301F-11D3-BF4B-00C04F79EFBC}") = "Tyuiu.IlyinME.Sprint0.Task6.V0", "Tyuiu.IlyinME.Sprint0.Task6.V0\Tyuiu.IlyinME.Sprint0.Task6.V0.csproj", "{07B3BA52-FBD3-40C1-A2BE-DDF01524815C}"
EndProject
Project("{FAE04EC0-301F-11D3-BF4B-00C04F79EFBC}") = "Tyuiu.IlyinME.Sprint0.Task6.V0.Lib", "Tyuiu.IlyinME.Sprint0.Task6.V0.Lib\Tyuiu.IlyinME.Sprint0.Task6.V0.Lib.csproj", "{A7DE943A-1A38-47C8-BE01-86B2542FF14A}"
EndProject
Project("{FAE04EC0-301F-11D3-BF4B-00C04F79EFBC}") = "Tyuiu.IlyinME.Sprint0.Task6.V0.Test", "Tyuiu.IlyinME.Sprint0.Task6.V0.Test\Tyuiu.IlyinME.Sprint0.Task6.V0.Test.csproj", "{8E69531F-FA2F-468D-BE4F-5AA871DC446A}"
EndProject
Global
	GlobalSection(SolutionConfigurationPlatforms) = preSolution
		Debug|Any CPU = Debug|Any CPU
		Release|Any CPU = Release|Any CPU
	EndGlobalSection
	GlobalSection(ProjectConfigurationPlatforms) = postSolution
		{7CB80BE1-00E1-4D22-BEB3-4C9C47212015}.Debug|Any CPU.ActiveCfg = Debug|Any CPU
		{7CB80BE1-00E1-4D22-BEB3-4C9C47212015}.Debug|Any CPU.Build.0 = Debug|Any CPU
		{7CB80BE1-00E1-4D22-BEB3-4C9C47212015}.Release|Any CPU.ActiveCfg = Release|Any CPU
		{7CB80BE1-00E1-4D22-BEB3-4C9C47212015}.Release|Any CPU.Build.0 = Release|Any CPU
		{218D6A41-1C14-45F4-9EB5-0909C79BDBA3}.Debug|Any CPU.ActiveCfg = Debug|Any CPU
		{218D6A41-1C14-45F4-9EB5-0909C79BDBA3}.Debug|Any CPU.Build.0 = Debug|Any CPU
		{218D6A41-1C14-45F4-9EB5-0909C79BDBA3}.Release|Any CPU.ActiveCfg = Release|Any CPU
		{218D6A41-1C14-45F4-9EB5-0909C79BDBA3}.Release|Any CPU.Build.0 = Release|Any CPU
		{9BC1E547-73FE-4B91-AC6F-E9B1445EED34}.Debug|Any CPU.ActiveCfg = Debug|Any CPU
		{9BC1E547-73FE-4B91-AC6F-E9B1445EED34}.Debug|Any CPU.Build.0 = Debug|Any CPU
		{9BC1E547-73FE-4B91-AC6F-E9B1445EED34}.Release|Any CPU.ActiveCfg = Release|Any CPU
		{9BC1E547-73FE-4B91-AC6F-E9B1445EED34}.Release|Any CPU.Build.0 = Release|Any CPU
		{1CF8D73E-4BEC-4ECE-9B4E-03C26B79B692}.Debug|Any CPU.ActiveCfg = Debug|Any CPU
		{1CF8D73E-4BEC-4ECE-9B4E-03C26B79B692}.Debug|Any CPU.Build.0 = Debug|Any CPU
		{1CF8D73E-4BEC-4ECE-9B4E-03C26B79B692}.Release|Any CPU.ActiveCfg = Release|Any CPU
		{1CF8D73E-4BEC-4ECE-9B4E-03C26B79B692}.Release|Any CPU.Build.0 = Release|Any CPU
		{E09E5219-A06C-4A54-AA11-AF6052EE8232}.Debug|Any CPU.ActiveCfg = Debug|Any CPU
		{E09E5219-A06C-4A54-AA11-AF6052EE8232}.Debug|Any CPU.Build.0 = Debug|Any CPU
		{E09E5219-A06C-4A54-AA11-AF6052EE8232}.Release|Any CPU.ActiveCfg = Release|Any CPU
		{E09E5219-A06C-4A54-AA11-AF6052EE8232}.Release|Any CPU.Build.0 = Release|Any CPU
		{C65F6A27-01E4-4AC2-83D2-33DA94DAFD9A}.Debug|Any CPU.ActiveCfg = Debug|Any CPU
		{C65F6A27-01E4-4AC2-83D2-33DA94DAFD9A}.Debug|Any CPU.Build.0 = Debug|Any CPU
		{C65F6A27-01E4-4AC2-83D2-33DA94DAFD9A}.Release|Any CPU.ActiveCfg = Release|Any CPU
		{C65F6A27-01E4-4AC2-83D2-33DA94DAFD9A}.Release|Any CPU.Build.0 = Release|Any CPU
		{A0EB3354-74C8-4CFA-B624-3D92B5BB2416}.Debug|Any CPU.ActiveCfg = Debug|Any CPU
		{A0EB3354-74C8-4CFA-B624-3D92B5BB2416}.Debug|Any CPU.Build.0 = Debug|Any CPU
		{A0EB3354-74C8-4CFA-B624-3D92B5BB2416}.Release|Any CPU.ActiveCfg = Release|Any CPU
		{A0EB3354-74C8-4CFA-B624-3D92B5BB2416}.Release|Any CPU.Build.0 = Release|Any CPU
		{AFB86437-4902-4EEB-8516-06688442A090}.Debug|Any CPU.ActiveCfg = Debug|Any CPU
		{AFB86437-4902-4EEB-8516-06688442A090}.Debug|Any CPU.Build.0 = Debug|Any CPU
		{AFB86437-4902-4EEB-8516-06688442A090}.Release|Any CPU.ActiveCfg = Release|Any CPU
		{AFB86437-4902-4EEB-8516-06688442A090}.Release|Any CPU.Build.0 = Release|Any CPU
		{0E51524E-E44C-40C5-87FB-F0FBB3F42F55}.Debug|Any CPU.ActiveCfg = Debug|Any CPU
		{0E51524E-E44C-40C5-87FB-F0FBB3F42F55}.Debug|Any CPU.Build.0 = Debug|Any CPU
		{0E51524E-E44C-40C5-87FB-F0FBB3F42F55}.Release|Any CPU.ActiveCfg = Release|Any CPU
		{0E51524E-E44C-40C5-87FB-F0FBB3F42F55}.Release|Any CPU.Build.0 = Release|Any CPU
		{58D41FDA-8F79-427F-BC91-FDF3DA0D4018}.Debug|Any CPU.ActiveCfg = Debug|Any CPU
		{58D41FDA-8F79-427F-BC91-FDF3DA0D4018}.Debug|Any CPU.Build.0 = Debug|Any CPU
		{58D41FDA-8F79-427F-BC91-FDF3DA0D4018}.Release|Any CPU.ActiveCfg = Release|Any CPU
		{58D41FDA-8F79-427F-BC91-FDF3DA0D4018}.Release|Any CPU.Build.0 = Release|Any CPU
		{4447CB38-A425-40E9-A1CF-D1D40663C0DC}.Debug|Any CPU.ActiveCfg = Debug|Any CPU
		{4447CB38-A425-40E9-A1CF-D1D40663C0DC}.Debug|Any CPU.Build.0 = Debug|Any CPU
		{4447CB38-A425-40E9-A1CF-D1D40663C0DC}.Release|Any CPU.ActiveCfg = Release|Any CPU
		{4447CB38-A425-40E9-A1CF-D1D40663C0DC}.Release|Any CPU.Build.0 = Release|Any CPU
		{0DD8018F-6BF2-4662-A0D3-4086A40A012F}.Debug|Any CPU.ActiveCfg = Debug|Any CPU
		{0DD8018F-6BF2-4662-A0D3-4086A40A012F}.Debug|Any CPU.Build.0 = Debug|Any CPU
		{0DD8018F-6BF2-4662-A0D3-4086A40A012F}.Release|Any CPU.ActiveCfg = Release|Any CPU
		{0DD8018F-6BF2-4662-A0D3-4086A40A012F}.Release|Any CPU.Build.0 = Release|Any CPU
		{0DD677F7-B1BE-4D14-B3E3-B9529DA7F412}.Debug|Any CPU.ActiveCfg = Debug|Any CPU
		{0DD677F7-B1BE-4D14-B3E3-B9529DA7F412}.Debug|Any CPU.Build.0 = Debug|Any CPU
		{0DD677F7-B1BE-4D14-B3E3-B9529DA7F412}.Release|Any CPU.ActiveCfg = Release|Any CPU
		{0DD677F7-B1BE-4D14-B3E3-B9529DA7F412}.Release|Any CPU.Build.0 = Release|Any CPU
		{9B0E45CA-BD00-4D87-992A-26364F40DD49}.Debug|Any CPU.ActiveCfg = Debug|Any CPU
		{9B0E45CA-BD00-4D87-992A-26364F40DD49}.Debug|Any CPU.Build.0 = Debug|Any CPU
		{9B0E45CA-BD00-4D87-992A-26364F40DD49}.Release|Any CPU.ActiveCfg = Release|Any CPU
		{9B0E45CA-BD00-4D87-992A-26364F40DD49}.Release|Any CPU.Build.0 = Release|Any CPU
		{07B3BA52-FBD3-40C1-A2BE-DDF01524815C}.Debug|Any CPU.ActiveCfg = Debug|Any CPU
		{07B3BA52-FBD3-40C1-A2BE-DDF01524815C}.Debug|Any CPU.Build.0 = Debug|Any CPU
		{07B3BA52-FBD3-40C1-A2BE-DDF01524815C}.Release|Any CPU.ActiveCfg = Release|Any CPU
		{07B3BA52-FBD3-40C1-A2BE-DDF01524815C}.Release|Any CPU.Build.0 = Release|Any CPU
		{A7DE943A-1A38-47C8-BE01-86B2542FF14A}.Debug|Any CPU.ActiveCfg = Debug|Any CPU
		{A7DE943A-1A38-47C8-BE01-86B2542FF14A}.Debug|Any CPU.Build.0 = Debug|Any CPU
		{A7DE943A-1A38-47C8-BE01-86B2542FF14A}.Release|Any CPU.ActiveCfg = Release|Any CPU
		{A7DE943A-1A38-47C8-BE01-86B2542FF14A}.Release|Any CPU.Build.0 = Release|Any CPU
		{8E69531F-FA2F-468D-BE4F-5AA871DC446A}.Debug|Any CPU.ActiveCfg = Debug|Any CPU
		{8E69531F-FA2F-468D-BE4F-5AA871DC446A}.Debug|Any CPU.Build.0 = Debug|Any CPU
		{8E69531F-FA2F-468D-BE4F-5AA871DC446A}.Release|Any CPU.ActiveCfg = Release|Any CPU
		{8E69531F-FA2F-468D-BE4F-5AA871DC446A}.Release|Any CPU.Build.0 = Release|Any CPU
	EndGlobalSection
	GlobalSection(SolutionProperties) = preSolution
		HideSolutionNode = FALSE
	EndGlobalSection
	GlobalSection(NestedProjects) = preSolution
		{7CB80BE1-00E1-4D22-BEB3-4C9C47212015} = {1F45A324-C0C1-466B-BE59-2CFFB4644DB0}
		{218D6A41-1C14-45F4-9EB5-0909C79BDBA3} = {E7C499A1-46EC-4F00-9DB1-9D24FAD2A633}
		{9BC1E547-73FE-4B91-AC6F-E9B1445EED34} = {2117F0FC-B479-447B-8F99-9471F3F23A32}
		{1CF8D73E-4BEC-4ECE-9B4E-03C26B79B692} = {2117F0FC-B479-447B-8F99-9471F3F23A32}
		{E09E5219-A06C-4A54-AA11-AF6052EE8232} = {2117F0FC-B479-447B-8F99-9471F3F23A32}
		{C65F6A27-01E4-4AC2-83D2-33DA94DAFD9A} = {A7EF9329-1E2D-4C67-B82B-C7924E987450}
		{A0EB3354-74C8-4CFA-B624-3D92B5BB2416} = {A7EF9329-1E2D-4C67-B82B-C7924E987450}
		{AFB86437-4902-4EEB-8516-06688442A090} = {A7EF9329-1E2D-4C67-B82B-C7924E987450}
		{0E51524E-E44C-40C5-87FB-F0FBB3F42F55} = {147373E4-6EBE-46B7-BFEE-011CADA32731}
		{58D41FDA-8F79-427F-BC91-FDF3DA0D4018} = {147373E4-6EBE-46B7-BFEE-011CADA32731}
		{4447CB38-A425-40E9-A1CF-D1D40663C0DC} = {147373E4-6EBE-46B7-BFEE-011CADA32731}
		{0DD8018F-6BF2-4662-A0D3-4086A40A012F} = {059CB38D-86E4-4309-A61E-23F77BC11F3C}
		{0DD677F7-B1BE-4D14-B3E3-B9529DA7F412} = {059CB38D-86E4-4309-A61E-23F77BC11F3C}
		{9B0E45CA-BD00-4D87-992A-26364F40DD49} = {059CB38D-86E4-4309-A61E-23F77BC11F3C}
		{07B3BA52-FBD3-40C1-A2BE-DDF01524815C} = {87889FC4-0678-4B51-95C7-2EED5D5E38B9}
		{A7DE943A-1A38-47C8-BE01-86B2542FF14A} = {87889FC4-0678-4B51-95C7-2EED5D5E38B9}
		{8E69531F-FA2F-468D-BE4F-5AA871DC446A} = {87889FC4-0678-4B51-95C7-2EED5D5E38B9}
	EndGlobalSection
	GlobalSection(ExtensibilityGlobals) = postSolution
		SolutionGuid = {9B494E1A-7F84-4121-BC00-89EAC131D9FE}
	EndGlobalSection
EndGlobal
